
Microsoft Visual Studio Solution File, Format Version 12.00
# Visual Studio Version 17
VisualStudioVersion = 17.3.32825.248
MinimumVisualStudioVersion = 10.0.40219.1
Project("{FAE04EC0-301F-11D3-BF4B-00C04F79EFBC}") = "BigSchool_THweb", "BigSchool_THweb\BigSchool_THweb.csproj", "{04DBECED-0114-41CF-A159-D0337CAD550F}"
EndProject
Global
	GlobalSection(SolutionConfigurationPlatforms) = preSolution
		Debug|Any CPU = Debug|Any CPU
		Release|Any CPU = Release|Any CPU
	EndGlobalSection
	GlobalSection(ProjectConfigurationPlatforms) = postSolution
		{04DBECED-0114-41CF-A159-D0337CAD550F}.Debug|Any CPU.ActiveCfg = Debug|Any CPU
		{04DBECED-0114-41CF-A159-D0337CAD550F}.Debug|Any CPU.Build.0 = Debug|Any CPU
		{04DBECED-0114-41CF-A159-D0337CAD550F}.Release|Any CPU.ActiveCfg = Release|Any CPU
		{04DBECED-0114-41CF-A159-D0337CAD550F}.Release|Any CPU.Build.0 = Release|Any CPU
	EndGlobalSection
	GlobalSection(SolutionProperties) = preSolution
		HideSolutionNode = FALSE
	EndGlobalSection
	GlobalSection(ExtensibilityGlobals) = postSolution
		SolutionGuid = {08A267BF-28FA-4742-A994-F9291DAC4F13}
	EndGlobalSection
EndGlobal
